
Microsoft Visual Studio Solution File, Format Version 12.00
# Visual Studio 15
VisualStudioVersion = 15.0.26228.12
MinimumVisualStudioVersion = 10.0.40219.1
Project("{FAE04EC0-301F-11D3-BF4B-00C04F79EFBC}") = "SmsHarvester", "SmsHarvester\SmsHarvester.csproj", "{742FA284-9692-4D43-AAD2-E77AA6C8FCAE}"
EndProject
Project("{151D2E53-A2C4-4D7D-83FE-D05416EBD58E}") = "SmsHarvesterResourceGroup", "SmsHarvesterResourceGroup\SmsHarvesterResourceGroup.deployproj", "{0C0FF314-BC76-43B3-92F5-B7CB35F80C65}"
EndProject
Global
	GlobalSection(SolutionConfigurationPlatforms) = preSolution
		Debug|Any CPU = Debug|Any CPU
		Release|Any CPU = Release|Any CPU
	EndGlobalSection
	GlobalSection(ProjectConfigurationPlatforms) = postSolution
		{742FA284-9692-4D43-AAD2-E77AA6C8FCAE}.Debug|Any CPU.ActiveCfg = Debug|Any CPU
		{742FA284-9692-4D43-AAD2-E77AA6C8FCAE}.Debug|Any CPU.Build.0 = Debug|Any CPU
		{742FA284-9692-4D43-AAD2-E77AA6C8FCAE}.Release|Any CPU.ActiveCfg = Release|Any CPU
		{742FA284-9692-4D43-AAD2-E77AA6C8FCAE}.Release|Any CPU.Build.0 = Release|Any CPU
		{0C0FF314-BC76-43B3-92F5-B7CB35F80C65}.Debug|Any CPU.ActiveCfg = Debug|Any CPU
		{0C0FF314-BC76-43B3-92F5-B7CB35F80C65}.Debug|Any CPU.Build.0 = Debug|Any CPU
		{0C0FF314-BC76-43B3-92F5-B7CB35F80C65}.Release|Any CPU.ActiveCfg = Release|Any CPU
		{0C0FF314-BC76-43B3-92F5-B7CB35F80C65}.Release|Any CPU.Build.0 = Release|Any CPU
	EndGlobalSection
	GlobalSection(SolutionProperties) = preSolution
		HideSolutionNode = FALSE
	EndGlobalSection
EndGlobal
